
Microsoft Visual Studio Solution File, Format Version 12.00
# Visual Studio Version 17
VisualStudioVersion = 17.13.36105.23 d17.13
MinimumVisualStudioVersion = 10.0.40219.1
Project("{FAE04EC0-301F-11D3-BF4B-00C04F79EFBC}") = "BKey.Utils.CSharpToTypeScript", "BKey.Utils.CSharpToTypeScript\BKey.Utils.CSharpToTypeScript.csproj", "{44AB0C50-260F-413F-A39B-6E152BBCAAF9}"
EndProject
Project("{FAE04EC0-301F-11D3-BF4B-00C04F79EFBC}") = "BKey.Utils.CSharpToTypeScript.Tests", "BKey.Utils.CSharpToTypeScript.Tests\BKey.Utils.CSharpToTypeScript.Tests.csproj", "{BF2771C1-3289-4CB5-8A08-2A65C9F1B7B5}"
EndProject
Global
	GlobalSection(SolutionConfigurationPlatforms) = preSolution
		Debug|Any CPU = Debug|Any CPU
		Release|Any CPU = Release|Any CPU
	EndGlobalSection
	GlobalSection(ProjectConfigurationPlatforms) = postSolution
		{44AB0C50-260F-413F-A39B-6E152BBCAAF9}.Debug|Any CPU.ActiveCfg = Debug|Any CPU
		{44AB0C50-260F-413F-A39B-6E152BBCAAF9}.Debug|Any CPU.Build.0 = Debug|Any CPU
		{44AB0C50-260F-413F-A39B-6E152BBCAAF9}.Release|Any CPU.ActiveCfg = Release|Any CPU
		{44AB0C50-260F-413F-A39B-6E152BBCAAF9}.Release|Any CPU.Build.0 = Release|Any CPU
		{BF2771C1-3289-4CB5-8A08-2A65C9F1B7B5}.Debug|Any CPU.ActiveCfg = Debug|Any CPU
		{BF2771C1-3289-4CB5-8A08-2A65C9F1B7B5}.Debug|Any CPU.Build.0 = Debug|Any CPU
		{BF2771C1-3289-4CB5-8A08-2A65C9F1B7B5}.Release|Any CPU.ActiveCfg = Release|Any CPU
		{BF2771C1-3289-4CB5-8A08-2A65C9F1B7B5}.Release|Any CPU.Build.0 = Release|Any CPU
	EndGlobalSection
	GlobalSection(SolutionProperties) = preSolution
		HideSolutionNode = FALSE
	EndGlobalSection
	GlobalSection(ExtensibilityGlobals) = postSolution
		SolutionGuid = {B5234BC4-A2F8-4855-A78F-DB8472C65035}
	EndGlobalSection
EndGlobal
